
Microsoft Visual Studio Solution File, Format Version 12.00
# Visual Studio Version 16
VisualStudioVersion = 16.0.30804.86
MinimumVisualStudioVersion = 10.0.40219.1
Project("{FAE04EC0-301F-11D3-BF4B-00C04F79EFBC}") = "AlgorytmGenetyczny", "AlgorytmGenetyczny\AlgorytmGenetyczny.csproj", "{B8A4CEDF-978F-4280-AEA2-A30B94D089E8}"
EndProject
Global
	GlobalSection(SolutionConfigurationPlatforms) = preSolution
		Debug|Any CPU = Debug|Any CPU
		Release|Any CPU = Release|Any CPU
	EndGlobalSection
	GlobalSection(ProjectConfigurationPlatforms) = postSolution
		{B8A4CEDF-978F-4280-AEA2-A30B94D089E8}.Debug|Any CPU.ActiveCfg = Debug|Any CPU
		{B8A4CEDF-978F-4280-AEA2-A30B94D089E8}.Debug|Any CPU.Build.0 = Debug|Any CPU
		{B8A4CEDF-978F-4280-AEA2-A30B94D089E8}.Release|Any CPU.ActiveCfg = Release|Any CPU
		{B8A4CEDF-978F-4280-AEA2-A30B94D089E8}.Release|Any CPU.Build.0 = Release|Any CPU
	EndGlobalSection
	GlobalSection(SolutionProperties) = preSolution
		HideSolutionNode = FALSE
	EndGlobalSection
	GlobalSection(ExtensibilityGlobals) = postSolution
		SolutionGuid = {0E8BD088-6AEF-4E47-84EB-40A84CE3DE7D}
	EndGlobalSection
EndGlobal
